
Microsoft Visual Studio Solution File, Format Version 12.00
# Visual Studio 15
VisualStudioVersion = 15.0.26730.15
MinimumVisualStudioVersion = 10.0.40219.1
Project("{FAE04EC0-301F-11D3-BF4B-00C04F79EFBC}") = "Item_Shop_Project", "Item_Shop_Project\Item_Shop_Project.csproj", "{BDC3EB7A-1C9F-4A76-A04B-E94C12CF75E4}"
EndProject
Global
	GlobalSection(SolutionConfigurationPlatforms) = preSolution
		Debug|Any CPU = Debug|Any CPU
		Release|Any CPU = Release|Any CPU
	EndGlobalSection
	GlobalSection(ProjectConfigurationPlatforms) = postSolution
		{BDC3EB7A-1C9F-4A76-A04B-E94C12CF75E4}.Debug|Any CPU.ActiveCfg = Debug|Any CPU
		{BDC3EB7A-1C9F-4A76-A04B-E94C12CF75E4}.Debug|Any CPU.Build.0 = Debug|Any CPU
		{BDC3EB7A-1C9F-4A76-A04B-E94C12CF75E4}.Release|Any CPU.ActiveCfg = Release|Any CPU
		{BDC3EB7A-1C9F-4A76-A04B-E94C12CF75E4}.Release|Any CPU.Build.0 = Release|Any CPU
	EndGlobalSection
	GlobalSection(SolutionProperties) = preSolution
		HideSolutionNode = FALSE
	EndGlobalSection
	GlobalSection(ExtensibilityGlobals) = postSolution
		SolutionGuid = {C31218AA-726E-4DFE-AF4F-B5454B438C34}
	EndGlobalSection
EndGlobal
